// !$*UTF8*$!
{
	archiveVersion = 1;
	classes = {
	};
	objectVersion = 46;
	objects = {

/* Begin PBXBuildFile section */
		A32A65671A31049F00389793 /* main.m in Sources */ = {isa = PBXBuildFile; fileRef = A32A65661A31049F00389793 /* main.m */; };
		A32A656A1A31049F00389793 /* AppDelegate.m in Sources */ = {isa = PBXBuildFile; fileRef = A32A65691A31049F00389793 /* AppDelegate.m */; };
		A32A656D1A31049F00389793 /* ViewController.m in Sources */ = {isa = PBXBuildFile; fileRef = A32A656C1A31049F00389793 /* ViewController.m */; };
		A32A65701A31049F00389793 /* Main.storyboard in Resources */ = {isa = PBXBuildFile; fileRef = A32A656E1A31049F00389793 /* Main.storyboard */; };
		A32A65721A31049F00389793 /* Images.xcassets in Resources */ = {isa = PBXBuildFile; fileRef = A32A65711A31049F00389793 /* Images.xcassets */; };
		A32A65751A31049F00389793 /* LaunchScreen.xib in Resources */ = {isa = PBXBuildFile; fileRef = A32A65731A31049F00389793 /* LaunchScreen.xib */; };
		A32A65811A31049F00389793 /* ModalViewExamplesTests.m in Sources */ = {isa = PBXBuildFile; fileRef = A32A65801A31049F00389793 /* ModalViewExamplesTests.m */; };
		A32A658C1A3104DC00389793 /* ModalViewController.m in Sources */ = {isa = PBXBuildFile; fileRef = A32A658B1A3104DC00389793 /* ModalViewController.m */; };
		A32A658F1A31112D00389793 /* UIViewController+DismissOnTapOutside.m in Sources */ = {isa = PBXBuildFile; fileRef = A32A658E1A31112D00389793 /* UIViewController+DismissOnTapOutside.m */; };
		A32A65951A31176E00389793 /* IDTransitionController.m in Sources */ = {isa = PBXBuildFile; fileRef = A32A65921A31176E00389793 /* IDTransitionController.m */; };
		A32A65961A31176E00389793 /* IDTransitioningDelegate.m in Sources */ = {isa = PBXBuildFile; fileRef = A32A65941A31176E00389793 /* IDTransitioningDelegate.m */; };
		A32A659C1A31624D00389793 /* ModalNavigationController.m in Sources */ = {isa = PBXBuildFile; fileRef = A32A659B1A31624D00389793 /* ModalNavigationController.m */; };
/* End PBXBuildFile section */

/* Begin PBXContainerItemProxy section */
		A32A657B1A31049F00389793 /* PBXContainerItemProxy */ = {
			isa = PBXContainerItemProxy;
			containerPortal = A32A65591A31049F00389793 /* Project object */;
			proxyType = 1;
			remoteGlobalIDString = A32A65601A31049F00389793;
			remoteInfo = ModalViewExamples;
		};
/* End PBXContainerItemProxy section */

/* Begin PBXFileReference section */
		A32A65611A31049F00389793 /* ModalViewExamples.app */ = {isa = PBXFileReference; explicitFileType = wrapper.application; includeInIndex = 0; path = ModalViewExamples.app; sourceTree = BUILT_PRODUCTS_DIR; };
		A32A65651A31049F00389793 /* Info.plist */ = {isa = PBXFileReference; lastKnownFileType = text.plist.xml; path = Info.plist; sourceTree = "<group>"; };
		A32A65661A31049F00389793 /* main.m */ = {isa = PBXFileReference; lastKnownFileType = sourcecode.c.objc; path = main.m; sourceTree = "<group>"; };
		A32A65681A31049F00389793 /* AppDelegate.h */ = {isa = PBXFileReference; lastKnownFileType = sourcecode.c.h; path = AppDelegate.h; sourceTree = "<group>"; };
		A32A65691A31049F00389793 /* AppDelegate.m */ = {isa = PBXFileReference; lastKnownFileType = sourcecode.c.objc; path = AppDelegate.m; sourceTree = "<group>"; };
		A32A656B1A31049F00389793 /* ViewController.h */ = {isa = PBXFileReference; lastKnownFileType = sourcecode.c.h; path = ViewController.h; sourceTree = "<group>"; };
		A32A656C1A31049F00389793 /* ViewController.m */ = {isa = PBXFileReference; lastKnownFileType = sourcecode.c.objc; path = ViewController.m; sourceTree = "<group>"; };
		A32A656F1A31049F00389793 /* Base */ = {isa = PBXFileReference; lastKnownFileType = file.storyboard; name = Base; path = Base.lproj/Main.storyboard; sourceTree = "<group>"; };
		A32A65711A31049F00389793 /* Images.xcassets */ = {isa = PBXFileReference; lastKnownFileType = folder.assetcatalog; path = Images.xcassets; sourceTree = "<group>"; };
		A32A65741A31049F00389793 /* Base */ = {isa = PBXFileReference; lastKnownFileType = file.xib; name = Base; path = Base.lproj/LaunchScreen.xib; sourceTree = "<group>"; };
		A32A657A1A31049F00389793 /* ModalViewExamplesTests.xctest */ = {isa = PBXFileReference; explicitFileType = wrapper.cfbundle; includeInIndex = 0; path = ModalViewExamplesTests.xctest; sourceTree = BUILT_PRODUCTS_DIR; };
		A32A657F1A31049F00389793 /* Info.plist */ = {isa = PBXFileReference; lastKnownFileType = text.plist.xml; path = Info.plist; sourceTree = "<group>"; };
		A32A65801A31049F00389793 /* ModalViewExamplesTests.m */ = {isa = PBXFileReference; lastKnownFileType = sourcecode.c.objc; path = ModalViewExamplesTests.m; sourceTree = "<group>"; };
		A32A658A1A3104DC00389793 /* ModalViewController.h */ = {isa = PBXFileReference; fileEncoding = 4; lastKnownFileType = sourcecode.c.h; path = ModalViewController.h; sourceTree = "<group>"; };
		A32A658B1A3104DC00389793 /* ModalViewController.m */ = {isa = PBXFileReference; fileEncoding = 4; lastKnownFileType = sourcecode.c.objc; path = ModalViewController.m; sourceTree = "<group>"; };
		A32A658D1A31112D00389793 /* UIViewController+DismissOnTapOutside.h */ = {isa = PBXFileReference; fileEncoding = 4; lastKnownFileType = sourcecode.c.h; path = "UIViewController+DismissOnTapOutside.h"; sourceTree = "<group>"; };
		A32A658E1A31112D00389793 /* UIViewController+DismissOnTapOutside.m */ = {isa = PBXFileReference; fileEncoding = 4; lastKnownFileType = sourcecode.c.objc; path = "UIViewController+DismissOnTapOutside.m"; sourceTree = "<group>"; };
		A32A65911A31176E00389793 /* IDTransitionController.h */ = {isa = PBXFileReference; fileEncoding = 4; lastKnownFileType = sourcecode.c.h; path = IDTransitionController.h; sourceTree = "<group>"; };
		A32A65921A31176E00389793 /* IDTransitionController.m */ = {isa = PBXFileReference; fileEncoding = 4; lastKnownFileType = sourcecode.c.objc; path = IDTransitionController.m; sourceTree = "<group>"; };
		A32A65931A31176E00389793 /* IDTransitioningDelegate.h */ = {isa = PBXFileReference; fileEncoding = 4; lastKnownFileType = sourcecode.c.h; path = IDTransitioningDelegate.h; sourceTree = "<group>"; };
		A32A65941A31176E00389793 /* IDTransitioningDelegate.m */ = {isa = PBXFileReference; fileEncoding = 4; lastKnownFileType = sourcecode.c.objc; path = IDTransitioningDelegate.m; sourceTree = "<group>"; };
		A32A659A1A31624D00389793 /* ModalNavigationController.h */ = {isa = PBXFileReference; fileEncoding = 4; lastKnownFileType = sourcecode.c.h; path = ModalNavigationController.h; sourceTree = "<group>"; };
		A32A659B1A31624D00389793 /* ModalNavigationController.m */ = {isa = PBXFileReference; fileEncoding = 4; lastKnownFileType = sourcecode.c.objc; path = ModalNavigationController.m; sourceTree = "<group>"; };
/* End PBXFileReference section */

/* Begin PBXFrameworksBuildPhase section */
		A32A655E1A31049F00389793 /* Frameworks */ = {
			isa = PBXFrameworksBuildPhase;
			buildActionMask = 2147483647;
			files = (
			);
			runOnlyForDeploymentPostprocessing = 0;
		};
		A32A65771A31049F00389793 /* Frameworks */ = {
			isa = PBXFrameworksBuildPhase;
			buildActionMask = 2147483647;
			files = (
			);
			runOnlyForDeploymentPostprocessing = 0;
		};
/* End PBXFrameworksBuildPhase section */

/* Begin PBXGroup section */
		A32A65581A31049F00389793 = {
			isa = PBXGroup;
			children = (
				A32A65631A31049F00389793 /* ModalViewExamples */,
				A32A657D1A31049F00389793 /* ModalViewExamplesTests */,
				A32A65621A31049F00389793 /* Products */,
			);
			sourceTree = "<group>";
		};
		A32A65621A31049F00389793 /* Products */ = {
			isa = PBXGroup;
			children = (
				A32A65611A31049F00389793 /* ModalViewExamples.app */,
				A32A657A1A31049F00389793 /* ModalViewExamplesTests.xctest */,
			);
			name = Products;
			sourceTree = "<group>";
		};
		A32A65631A31049F00389793 /* ModalViewExamples */ = {
			isa = PBXGroup;
			children = (
				A32A65901A31176E00389793 /* Transitioning */,
				A32A65681A31049F00389793 /* AppDelegate.h */,
				A32A65691A31049F00389793 /* AppDelegate.m */,
				A32A656B1A31049F00389793 /* ViewController.h */,
				A32A656C1A31049F00389793 /* ViewController.m */,
				A32A656E1A31049F00389793 /* Main.storyboard */,
				A32A65711A31049F00389793 /* Images.xcassets */,
				A32A65731A31049F00389793 /* LaunchScreen.xib */,
				A32A65641A31049F00389793 /* Supporting Files */,
				A32A658A1A3104DC00389793 /* ModalViewController.h */,
				A32A658B1A3104DC00389793 /* ModalViewController.m */,
				A32A658D1A31112D00389793 /* UIViewController+DismissOnTapOutside.h */,
				A32A658E1A31112D00389793 /* UIViewController+DismissOnTapOutside.m */,
				A32A659A1A31624D00389793 /* ModalNavigationController.h */,
				A32A659B1A31624D00389793 /* ModalNavigationController.m */,
			);
			path = ModalViewExamples;
			sourceTree = "<group>";
		};
		A32A65641A31049F00389793 /* Supporting Files */ = {
			isa = PBXGroup;
			children = (
				A32A65651A31049F00389793 /* Info.plist */,
				A32A65661A31049F00389793 /* main.m */,
			);
			name = "Supporting Files";
			sourceTree = "<group>";
		};
		A32A657D1A31049F00389793 /* ModalViewExamplesTests */ = {
			isa = PBXGroup;
			children = (
				A32A65801A31049F00389793 /* ModalViewExamplesTests.m */,
				A32A657E1A31049F00389793 /* Supporting Files */,
			);
			path = ModalViewExamplesTests;
			sourceTree = "<group>";
		};
		A32A657E1A31049F00389793 /* Supporting Files */ = {
			isa = PBXGroup;
			children = (
				A32A657F1A31049F00389793 /* Info.plist */,
			);
			name = "Supporting Files";
			sourceTree = "<group>";
		};
		A32A65901A31176E00389793 /* Transitioning */ = {
			isa = PBXGroup;
			children = (
				A32A65911A31176E00389793 /* IDTransitionController.h */,
				A32A65921A31176E00389793 /* IDTransitionController.m */,
				A32A65931A31176E00389793 /* IDTransitioningDelegate.h */,
				A32A65941A31176E00389793 /* IDTransitioningDelegate.m */,
			);
			path = Transitioning;
			sourceTree = "<group>";
		};
/* End PBXGroup section */

/* Begin PBXNativeTarget section */
		A32A65601A31049F00389793 /* ModalViewExamples */ = {
			isa = PBXNativeTarget;
			buildConfigurationList = A32A65841A31049F00389793 /* Build configuration list for PBXNativeTarget "ModalViewExamples" */;
			buildPhases = (
				A32A655D1A31049F00389793 /* Sources */,
				A32A655E1A31049F00389793 /* Frameworks */,
				A32A655F1A31049F00389793 /* Resources */,
			);
			buildRules = (
			);
			dependencies = (
			);
			name = ModalViewExamples;
			productName = ModalViewExamples;
			productReference = A32A65611A31049F00389793 /* ModalViewExamples.app */;
			productType = "com.apple.product-type.application";
		};
		A32A65791A31049F00389793 /* ModalViewExamplesTests */ = {
			isa = PBXNativeTarget;
			buildConfigurationList = A32A65871A31049F00389793 /* Build configuration list for PBXNativeTarget "ModalViewExamplesTests" */;
			buildPhases = (
				A32A65761A31049F00389793 /* Sources */,
				A32A65771A31049F00389793 /* Frameworks */,
				A32A65781A31049F00389793 /* Resources */,
			);
			buildRules = (
			);
			dependencies = (
				A32A657C1A31049F00389793 /* PBXTargetDependency */,
			);
			name = ModalViewExamplesTests;
			productName = ModalViewExamplesTests;
			productReference = A32A657A1A31049F00389793 /* ModalViewExamplesTests.xctest */;
			productType = "com.apple.product-type.bundle.unit-test";
		};
/* End PBXNativeTarget section */

/* Begin PBXProject section */
		A32A65591A31049F00389793 /* Project object */ = {
			isa = PBXProject;
			attributes = {
				LastUpgradeCheck = 0610;
				ORGANIZATIONNAME = Cactus;
				TargetAttributes = {
					A32A65601A31049F00389793 = {
						CreatedOnToolsVersion = 6.1.1;
					};
					A32A65791A31049F00389793 = {
						CreatedOnToolsVersion = 6.1.1;
						TestTargetID = A32A65601A31049F00389793;
					};
				};
			};
			buildConfigurationList = A32A655C1A31049F00389793 /* Build configuration list for PBXProject "ModalViewExamples" */;
			compatibilityVersion = "Xcode 3.2";
			developmentRegion = English;
			hasScannedForEncodings = 0;
			knownRegions = (
				en,
				Base,
			);
			mainGroup = A32A65581A31049F00389793;
			productRefGroup = A32A65621A31049F00389793 /* Products */;
			projectDirPath = "";
			projectRoot = "";
			targets = (
				A32A65601A31049F00389793 /* ModalViewExamples */,
				A32A65791A31049F00389793 /* ModalViewExamplesTests */,
			);
		};
/* End PBXProject section */

/* Begin PBXResourcesBuildPhase section */
		A32A655F1A31049F00389793 /* Resources */ = {
			isa = PBXResourcesBuildPhase;
			buildActionMask = 2147483647;
			files = (
				A32A65701A31049F00389793 /* Main.storyboard in Resources */,
				A32A65751A31049F00389793 /* LaunchScreen.xib in Resources */,
				A32A65721A31049F00389793 /* Images.xcassets in Resources */,
			);
			runOnlyForDeploymentPostprocessing = 0;
		};
		A32A65781A31049F00389793 /* Resources */ = {
			isa = PBXResourcesBuildPhase;
			buildActionMask = 2147483647;
			files = (
			);
			runOnlyForDeploymentPostprocessing = 0;
		};
/* End PBXResourcesBuildPhase section */

/* Begin PBXSourcesBuildPhase section */
		A32A655D1A31049F00389793 /* Sources */ = {
			isa = PBXSourcesBuildPhase;
			buildActionMask = 2147483647;
			files = (
				A32A65961A31176E00389793 /* IDTransitioningDelegate.m in Sources */,
				A32A658F1A31112D00389793 /* UIViewController+DismissOnTapOutside.m in Sources */,
				A32A658C1A3104DC00389793 /* ModalViewController.m in Sources */,
				A32A656D1A31049F00389793 /* ViewController.m in Sources */,
				A32A656A1A31049F00389793 /* AppDelegate.m in Sources */,
				A32A65671A31049F00389793 /* main.m in Sources */,
				A32A65951A31176E00389793 /* IDTransitionController.m in Sources */,
				A32A659C1A31624D00389793 /* ModalNavigationController.m in Sources */,
			);
			runOnlyForDeploymentPostprocessing = 0;
		};
		A32A65761A31049F00389793 /* Sources */ = {
			isa = PBXSourcesBuildPhase;
			buildActionMask = 2147483647;
			files = (
				A32A65811A31049F00389793 /* ModalViewExamplesTests.m in Sources */,
			);
			runOnlyForDeploymentPostprocessing = 0;
		};
/* End PBXSourcesBuildPhase section */

/* Begin PBXTargetDependency section */
		A32A657C1A31049F00389793 /* PBXTargetDependency */ = {
			isa = PBXTargetDependency;
			target = A32A65601A31049F00389793 /* ModalViewExamples */;
			targetProxy = A32A657B1A31049F00389793 /* PBXContainerItemProxy */;
		};
/* End PBXTargetDependency section */

/* Begin PBXVariantGroup section */
		A32A656E1A31049F00389793 /* Main.storyboard */ = {
			isa = PBXVariantGroup;
			children = (
				A32A656F1A31049F00389793 /* Base */,
			);
			name = Main.storyboard;
			sourceTree = "<group>";
		};
		A32A65731A31049F00389793 /* LaunchScreen.xib */ = {
			isa = PBXVariantGroup;
			children = (
				A32A65741A31049F00389793 /* Base */,
			);
			name = LaunchScreen.xib;
			sourceTree = "<group>";
		};
/* End PBXVariantGroup section */

/* Begin XCBuildConfiguration section */
		A32A65821A31049F00389793 /* Debug */ = {
			isa = XCBuildConfiguration;
			buildSettings = {
				ALWAYS_SEARCH_USER_PATHS = NO;
				CLANG_CXX_LANGUAGE_STANDARD = "gnu++0x";
				CLANG_CXX_LIBRARY = "libc++";
				CLANG_ENABLE_MODULES = YES;
				CLANG_ENABLE_OBJC_ARC = YES;
				CLANG_WARN_BOOL_CONVERSION = YES;
				CLANG_WARN_CONSTANT_CONVERSION = YES;
				CLANG_WARN_DIRECT_OBJC_ISA_USAGE = YES_ERROR;
				CLANG_WARN_EMPTY_BODY = YES;
				CLANG_WARN_ENUM_CONVERSION = YES;
				CLANG_WARN_INT_CONVERSION = YES;
				CLANG_WARN_OBJC_ROOT_CLASS = YES_ERROR;
				CLANG_WARN_UNREACHABLE_CODE = YES;
				CLANG_WARN__DUPLICATE_METHOD_MATCH = YES;
				"CODE_SIGN_IDENTITY[sdk=iphoneos*]" = "iPhone Developer";
				COPY_PHASE_STRIP = NO;
				ENABLE_STRICT_OBJC_MSGSEND = YES;
				GCC_C_LANGUAGE_STANDARD = gnu99;
				GCC_DYNAMIC_NO_PIC = NO;
				GCC_OPTIMIZATION_LEVEL = 0;
				GCC_PREPROCESSOR_DEFINITIONS = (
					"DEBUG=1",
					"$(inherited)",
				);
				GCC_SYMBOLS_PRIVATE_EXTERN = NO;
				GCC_WARN_64_TO_32_BIT_CONVERSION = YES;
				GCC_WARN_ABOUT_RETURN_TYPE = YES_ERROR;
				GCC_WARN_UNDECLARED_SELECTOR = YES;
				GCC_WARN_UNINITIALIZED_AUTOS = YES_AGGRESSIVE;
				GCC_WARN_UNUSED_FUNCTION = YES;
				GCC_WARN_UNUSED_VARIABLE = YES;
				IPHONEOS_DEPLOYMENT_TARGET = 8.1;
				MTL_ENABLE_DEBUG_INFO = YES;
				ONLY_ACTIVE_ARCH = YES;
				SDKROOT = iphoneos;
				TARGETED_DEVICE_FAMILY = "1,2";
			};
			name = Debug;
		};
		A32A65831A31049F00389793 /* Release */ = {
			isa = XCBuildConfiguration;
			buildSettings = {
				ALWAYS_SEARCH_USER_PATHS = NO;
				CLANG_CXX_LANGUAGE_STANDARD = "gnu++0x";
				CLANG_CXX_LIBRARY = "libc++";
				CLANG_ENABLE_MODULES = YES;
				CLANG_ENABLE_OBJC_ARC = YES;
				CLANG_WARN_BOOL_CONVERSION = YES;
				CLANG_WARN_CONSTANT_CONVERSION = YES;
				CLANG_WARN_DIRECT_OBJC_ISA_USAGE = YES_ERROR;
				CLANG_WARN_EMPTY_BODY = YES;
				CLANG_WARN_ENUM_CONVERSION = YES;
				CLANG_WARN_INT_CONVERSION = YES;
				CLANG_WARN_OBJC_ROOT_CLASS = YES_ERROR;
				CLANG_WARN_UNREACHABLE_CODE = YES;
				CLANG_WARN__DUPLICATE_METHOD_MATCH = YES;
				"CODE_SIGN_IDENTITY[sdk=iphoneos*]" = "iPhone Developer";
				COPY_PHASE_STRIP = YES;
				ENABLE_NS_ASSERTIONS = NO;
				ENABLE_STRICT_OBJC_MSGSEND = YES;
				GCC_C_LANGUAGE_STANDARD = gnu99;
				GCC_WARN_64_TO_32_BIT_CONVERSION = YES;
				GCC_WARN_ABOUT_RETURN_TYPE = YES_ERROR;
				GCC_WARN_UNDECLARED_SELECTOR = YES;
				GCC_WARN_UNINITIALIZED_AUTOS = YES_AGGRESSIVE;
				GCC_WARN_UNUSED_FUNCTION = YES;
				GCC_WARN_UNUSED_VARIABLE = YES;
				IPHONEOS_DEPLOYMENT_TARGET = 8.1;
				MTL_ENABLE_DEBUG_INFO = NO;
				SDKROOT = iphoneos;
				TARGETED_DEVICE_FAMILY = "1,2";
				VALIDATE_PRODUCT = YES;
			};
			name = Release;
		};
		A32A65851A31049F00389793 /* Debug */ = {
			isa = XCBuildConfiguration;
			buildSettings = {
				ASSETCATALOG_COMPILER_APPICON_NAME = AppIcon;
				INFOPLIST_FILE = ModalViewExamples/Info.plist;
				LD_RUNPATH_SEARCH_PATHS = "$(inherited) @executable_path/Frameworks";
				PRODUCT_NAME = "$(TARGET_NAME)";
			};
			name = Debug;
		};
		A32A65861A31049F00389793 /* Release */ = {
			isa = XCBuildConfiguration;
			buildSettings = {
				ASSETCATALOG_COMPILER_APPICON_NAME = AppIcon;
				INFOPLIST_FILE = ModalViewExamples/Info.plist;
				LD_RUNPATH_SEARCH_PATHS = "$(inherited) @executable_path/Frameworks";
				PRODUCT_NAME = "$(TARGET_NAME)";
			};
			name = Release;
		};
		A32A65881A31049F00389793 /* Debug */ = {
			isa = XCBuildConfiguration;
			buildSettings = {
				BUNDLE_LOADER = "$(TEST_HOST)";
				FRAMEWORK_SEARCH_PATHS = (
					"$(SDKROOT)/Developer/Library/Frameworks",
					"$(inherited)",
				);
				GCC_PREPROCESSOR_DEFINITIONS = (
					"DEBUG=1",
					"$(inherited)",
				);
				INFOPLIST_FILE = ModalViewExamplesTests/Info.plist;
				LD_RUNPATH_SEARCH_PATHS = "$(inherited) @executable_path/Frameworks @loader_path/Frameworks";
				PRODUCT_NAME = "$(TARGET_NAME)";
				TEST_HOST = "$(BUILT_PRODUCTS_DIR)/ModalViewExamples.app/ModalViewExamples";
			};
			name = Debug;
		};
		A32A65891A31049F00389793 /* Release */ = {
			isa = XCBuildConfiguration;
			buildSettings = {
				BUNDLE_LOADER = "$(TEST_HOST)";
				FRAMEWORK_SEARCH_PATHS = (
					"$(SDKROOT)/Developer/Library/Frameworks",
					"$(inherited)",
				);
				INFOPLIST_FILE = ModalViewExamplesTests/Info.plist;
				LD_RUNPATH_SEARCH_PATHS = "$(inherited) @executable_path/Frameworks @loader_path/Frameworks";
				PRODUCT_NAME = "$(TARGET_NAME)";
				TEST_HOST = "$(BUILT_PRODUCTS_DIR)/ModalViewExamples.app/ModalViewExamples";
			};
			name = Release;
		};
/* End XCBuildConfiguration section */

/* Begin XCConfigurationList section */
		A32A655C1A31049F00389793 /* Build configuration list for PBXProject "ModalViewExamples" */ = {
			isa = XCConfigurationList;
			buildConfigurations = (
				A32A65821A31049F00389793 /* Debug */,
				A32A65831A31049F00389793 /* Release */,
			);
			defaultConfigurationIsVisible = 0;
			defaultConfigurationName = Release;
		};
		A32A65841A31049F00389793 /* Build configuration list for PBXNativeTarget "ModalViewExamples" */ = {
			isa = XCConfigurationList;
			buildConfigurations = (
				A32A65851A31049F00389793 /* Debug */,
				A32A65861A31049F00389793 /* Release */,
			);
			defaultConfigurationIsVisible = 0;
		};
		A32A65871A31049F00389793 /* Build configuration list for PBXNativeTarget "ModalViewExamplesTests" */ = {
			isa = XCConfigurationList;
			buildConfigurations = (
				A32A65881A31049F00389793 /* Debug */,
				A32A65891A31049F00389793 /* Release */,
			);
			defaultConfigurationIsVisible = 0;
		};
/* End XCConfigurationList section */
	};
	rootObject = A32A65591A31049F00389793 /* Project object */;
}
